{
  "name": "yjl9903-anitomy-adapter",
  "lockfileVersion": 3,
  "requires": true,
  "packages": {
    "": {
      "name": "yjl9903-anitomy-adapter",
      "dependencies": {
        "anitomy": "0.0.35"
      }
    },
    "node_modules/anitomy": {
      "version": "0.0.35",
      "resolved": "https://registry.npmjs.org/anitomy/-/anitomy-0.0.35.tgz",
      "integrity": "sha512-lwTWQAWKrgvQhlTssPDqz+1BVYJ7EqNVo7OTsqyND0SoVehOgdIdDZKeaAXI+D8z7xAV/fABWBZsVpbURF1MBg==",
      "license": "MIT",
      "engines": {
        "node": ">=v18.16.0"
      }
    }
  }
}
